
Microsoft Visual Studio Solution File, Format Version 12.00
Project("{FAE04EC0-301F-11D3-BF4B-00C04F79EFBC}") = "ClassVsRecordJsonBenchmark", "ClassVsRecordJsonBenchmark\ClassVsRecordJsonBenchmark.csproj", "{0B11C2FC-90EF-43C5-B858-DE7BA19B76CA}"
EndProject
Global
	GlobalSection(SolutionConfigurationPlatforms) = preSolution
		Debug|Any CPU = Debug|Any CPU
		Release|Any CPU = Release|Any CPU
	EndGlobalSection
	GlobalSection(ProjectConfigurationPlatforms) = postSolution
		{0B11C2FC-90EF-43C5-B858-DE7BA19B76CA}.Debug|Any CPU.ActiveCfg = Debug|Any CPU
		{0B11C2FC-90EF-43C5-B858-DE7BA19B76CA}.Debug|Any CPU.Build.0 = Debug|Any CPU
		{0B11C2FC-90EF-43C5-B858-DE7BA19B76CA}.Release|Any CPU.ActiveCfg = Release|Any CPU
		{0B11C2FC-90EF-43C5-B858-DE7BA19B76CA}.Release|Any CPU.Build.0 = Release|Any CPU
	EndGlobalSection
EndGlobal
